<?xml version="1.0" encoding="utf-8"?>
<Project ToolsVersion="4.0" xmlns="http://schemas.microsoft.com/developer/msbuild/2003">
  <ItemGroup>
    <ClCompile Include="src/AtticRequestHandler.cpp">
      <Filter>Source Files</Filter>
    </ClCompile>
    <ClCompile Include="src/afs_proxy.cpp">
      <Filter>Source Files</Filter>
    </ClCompile>
    <ClCompile Include="src/Chunk.cpp">
      <Filter>Source Files</Filter>
    </ClCompile>
    <ClCompile Include="src/Filehash.cpp">
      <Filter>Source Files</Filter>
    </ClCompile>
    <ClCompile Include="src/HTTPUtils.cpp">
      <Filter>Source Files</Filter>
    </ClCompile>
    <ClCompile Include="src/PointerCollection.cpp">
      <Filter>Source Files</Filter>
    </ClCompile>
  </ItemGroup>
  <ItemGroup>
    <ClInclude Include="includes/AtticRequestHandler.h">
      <Filter>Header Files</Filter>
    </ClInclude>
    <ClInclude Include="includes/PointerCollection.h">
      <Filter>Header Files</Filter>
    </ClInclude>
    <ClInclude Include="includes/Chunk.h">
      <Filter>Header Files</Filter>
    </ClInclude>
    <ClInclude Include="includes/favicon.h">
      <Filter>Header Files</Filter>
    </ClInclude>
    <ClInclude Include="includes/Filehash.h">
      <Filter>Header Files</Filter>
    </ClInclude>
    <ClInclude Include="includes/HTTPUtils.h">
      <Filter>Header Files</Filter>
    </ClInclude>
  </ItemGroup>
  <ItemGroup>
    <None Include="ReadMe.txt" />
  </ItemGroup>
  <ItemGroup>
    <Filter Include="Source Files">
      <UniqueIdentifier>{0f3faaa9-3bf4-403c-a388-409c7a6168d3}</UniqueIdentifier>
      <Extensions>.c;.cpp</Extensions>
    </Filter>
    <Filter Include="Header Files">
      <UniqueIdentifier>{3b70eeec-647c-4e70-81a5-ac6e5c1d0027}</UniqueIdentifier>
      <Extensions>.h;.hxx</Extensions>
    </Filter>
  </ItemGroup>
</Project>